// !$*UTF8*$!
{
	archiveVersion = 1;
	classes = {
	};
	objectVersion = 48;
	objects = {

/* Begin PBXBuildFile section */
		3627B4F52139102700F9FC1D /* AppDelegate.swift in Sources */ = {isa = PBXBuildFile; fileRef = 3627B4F42139102700F9FC1D /* AppDelegate.swift */; };
		3627B4F72139102700F9FC1D /* ViewController.swift in Sources */ = {isa = PBXBuildFile; fileRef = 3627B4F62139102700F9FC1D /* ViewController.swift */; };
		3627B4FA2139102700F9FC1D /* Main.storyboard in Resources */ = {isa = PBXBuildFile; fileRef = 3627B4F82139102700F9FC1D /* Main.storyboard */; };
		3627B4FC2139102700F9FC1D /* Assets.xcassets in Resources */ = {isa = PBXBuildFile; fileRef = 3627B4FB2139102700F9FC1D /* Assets.xcassets */; };
		3627B4FF2139102700F9FC1D /* LaunchScreen.storyboard in Resources */ = {isa = PBXBuildFile; fileRef = 3627B4FD2139102700F9FC1D /* LaunchScreen.storyboard */; };
		3627B5072139107D00F9FC1D /* PresentedViewController.swift in Sources */ = {isa = PBXBuildFile; fileRef = 3627B5062139107D00F9FC1D /* PresentedViewController.swift */; };
		3627B5092139113B00F9FC1D /* VideoViewController.swift in Sources */ = {isa = PBXBuildFile; fileRef = 3627B5082139113B00F9FC1D /* VideoViewController.swift */; };
/* End PBXBuildFile section */

/* Begin PBXFileReference section */
		3627B4F12139102700F9FC1D /* DemoDeviceRotationOnlyOneViewController.app */ = {isa = PBXFileReference; explicitFileType = wrapper.application; includeInIndex = 0; path = DemoDeviceRotationOnlyOneViewController.app; sourceTree = BUILT_PRODUCTS_DIR; };
		3627B4F42139102700F9FC1D /* AppDelegate.swift */ = {isa = PBXFileReference; lastKnownFileType = sourcecode.swift; path = AppDelegate.swift; sourceTree = "<group>"; };
		3627B4F62139102700F9FC1D /* ViewController.swift */ = {isa = PBXFileReference; lastKnownFileType = sourcecode.swift; path = ViewController.swift; sourceTree = "<group>"; };
		3627B4F92139102700F9FC1D /* Base */ = {isa = PBXFileReference; lastKnownFileType = file.storyboard; name = Base; path = Base.lproj/Main.storyboard; sourceTree = "<group>"; };
		3627B4FB2139102700F9FC1D /* Assets.xcassets */ = {isa = PBXFileReference; lastKnownFileType = folder.assetcatalog; path = Assets.xcassets; sourceTree = "<group>"; };
		3627B4FE2139102700F9FC1D /* Base */ = {isa = PBXFileReference; lastKnownFileType = file.storyboard; name = Base; path = Base.lproj/LaunchScreen.storyboard; sourceTree = "<group>"; };
		3627B5002139102700F9FC1D /* Info.plist */ = {isa = PBXFileReference; lastKnownFileType = text.plist.xml; path = Info.plist; sourceTree = "<group>"; };
		3627B5062139107D00F9FC1D /* PresentedViewController.swift */ = {isa = PBXFileReference; fileEncoding = 4; lastKnownFileType = sourcecode.swift; path = PresentedViewController.swift; sourceTree = "<group>"; };
		3627B5082139113B00F9FC1D /* VideoViewController.swift */ = {isa = PBXFileReference; lastKnownFileType = sourcecode.swift; path = VideoViewController.swift; sourceTree = "<group>"; };
/* End PBXFileReference section */

/* Begin PBXFrameworksBuildPhase section */
		3627B4EE2139102700F9FC1D /* Frameworks */ = {
			isa = PBXFrameworksBuildPhase;
			buildActionMask = 2147483647;
			files = (
			);
			runOnlyForDeploymentPostprocessing = 0;
		};
/* End PBXFrameworksBuildPhase section */

/* Begin PBXGroup section */
		3627B4E82139102700F9FC1D = {
			isa = PBXGroup;
			children = (
				3627B4F32139102700F9FC1D /* DemoDeviceRotationOnlyOneViewController */,
				3627B4F22139102700F9FC1D /* Products */,
			);
			sourceTree = "<group>";
		};
		3627B4F22139102700F9FC1D /* Products */ = {
			isa = PBXGroup;
			children = (
				3627B4F12139102700F9FC1D /* DemoDeviceRotationOnlyOneViewController.app */,
			);
			name = Products;
			sourceTree = "<group>";
		};
		3627B4F32139102700F9FC1D /* DemoDeviceRotationOnlyOneViewController */ = {
			isa = PBXGroup;
			children = (
				3627B4F42139102700F9FC1D /* AppDelegate.swift */,
				3627B4F62139102700F9FC1D /* ViewController.swift */,
				3627B5062139107D00F9FC1D /* PresentedViewController.swift */,
				3627B5082139113B00F9FC1D /* VideoViewController.swift */,
				3627B4F82139102700F9FC1D /* Main.storyboard */,
				3627B4FB2139102700F9FC1D /* Assets.xcassets */,
				3627B4FD2139102700F9FC1D /* LaunchScreen.storyboard */,
				3627B5002139102700F9FC1D /* Info.plist */,
			);
			path = DemoDeviceRotationOnlyOneViewController;
			sourceTree = "<group>";
		};
/* End PBXGroup section */

/* Begin PBXNativeTarget section */
		3627B4F02139102700F9FC1D /* DemoDeviceRotationOnlyOneViewController */ = {
			isa = PBXNativeTarget;
			buildConfigurationList = 3627B5032139102700F9FC1D /* Build configuration list for PBXNativeTarget "DemoDeviceRotationOnlyOneViewController" */;
			buildPhases = (
				3627B4ED2139102700F9FC1D /* Sources */,
				3627B4EE2139102700F9FC1D /* Frameworks */,
				3627B4EF2139102700F9FC1D /* Resources */,
			);
			buildRules = (
			);
			dependencies = (
			);
			name = DemoDeviceRotationOnlyOneViewController;
			productName = DemoDeviceRotationOnlyOneViewController;
			productReference = 3627B4F12139102700F9FC1D /* DemoDeviceRotationOnlyOneViewController.app */;
			productType = "com.apple.product-type.application";
		};
/* End PBXNativeTarget section */

/* Begin PBXProject section */
		3627B4E92139102700F9FC1D /* Project object */ = {
			isa = PBXProject;
			attributes = {
				LastSwiftUpdateCheck = 0920;
				LastUpgradeCheck = 0920;
				ORGANIZATIONNAME = Parameswaran;
				TargetAttributes = {
					3627B4F02139102700F9FC1D = {
						CreatedOnToolsVersion = 9.2;
						ProvisioningStyle = Automatic;
					};
				};
			};
			buildConfigurationList = 3627B4EC2139102700F9FC1D /* Build configuration list for PBXProject "DemoDeviceRotationOnlyOneViewController" */;
			compatibilityVersion = "Xcode 8.0";
			developmentRegion = en;
			hasScannedForEncodings = 0;
			knownRegions = (
				en,
				Base,
			);
			mainGroup = 3627B4E82139102700F9FC1D;
			productRefGroup = 3627B4F22139102700F9FC1D /* Products */;
			projectDirPath = "";
			projectRoot = "";
			targets = (
				3627B4F02139102700F9FC1D /* DemoDeviceRotationOnlyOneViewController */,
			);
		};
/* End PBXProject section */

/* Begin PBXResourcesBuildPhase section */
		3627B4EF2139102700F9FC1D /* Resources */ = {
			isa = PBXResourcesBuildPhase;
			buildActionMask = 2147483647;
			files = (
				3627B4FF2139102700F9FC1D /* LaunchScreen.storyboard in Resources */,
				3627B4FC2139102700F9FC1D /* Assets.xcassets in Resources */,
				3627B4FA2139102700F9FC1D /* Main.storyboard in Resources */,
			);
			runOnlyForDeploymentPostprocessing = 0;
		};
/* End PBXResourcesBuildPhase section */

/* Begin PBXSourcesBuildPhase section */
		3627B4ED2139102700F9FC1D /* Sources */ = {
			isa = PBXSourcesBuildPhase;
			buildActionMask = 2147483647;
			files = (
				3627B4F72139102700F9FC1D /* ViewController.swift in Sources */,
				3627B4F52139102700F9FC1D /* AppDelegate.swift in Sources */,
				3627B5092139113B00F9FC1D /* VideoViewController.swift in Sources */,
				3627B5072139107D00F9FC1D /* PresentedViewController.swift in Sources */,
			);
			runOnlyForDeploymentPostprocessing = 0;
		};
/* End PBXSourcesBuildPhase section */

/* Begin PBXVariantGroup section */
		3627B4F82139102700F9FC1D /* Main.storyboard */ = {
			isa = PBXVariantGroup;
			children = (
				3627B4F92139102700F9FC1D /* Base */,
			);
			name = Main.storyboard;
			sourceTree = "<group>";
		};
		3627B4FD2139102700F9FC1D /* LaunchScreen.storyboard */ = {
			isa = PBXVariantGroup;
			children = (
				3627B4FE2139102700F9FC1D /* Base */,
			);
			name = LaunchScreen.storyboard;
			sourceTree = "<group>";
		};
/* End PBXVariantGroup section */

/* Begin XCBuildConfiguration section */
		3627B5012139102700F9FC1D /* Debug */ = {
			isa = XCBuildConfiguration;
			buildSettings = {
				ALWAYS_SEARCH_USER_PATHS = NO;
				CLANG_ANALYZER_NONNULL = YES;
				CLANG_ANALYZER_NUMBER_OBJECT_CONVERSION = YES_AGGRESSIVE;
				CLANG_CXX_LANGUAGE_STANDARD = "gnu++14";
				CLANG_CXX_LIBRARY = "libc++";
				CLANG_ENABLE_MODULES = YES;
				CLANG_ENABLE_OBJC_ARC = YES;
				CLANG_WARN_BLOCK_CAPTURE_AUTORELEASING = YES;
				CLANG_WARN_BOOL_CONVERSION = YES;
				CLANG_WARN_COMMA = YES;
				CLANG_WARN_CONSTANT_CONVERSION = YES;
				CLANG_WARN_DIRECT_OBJC_ISA_USAGE = YES_ERROR;
				CLANG_WARN_DOCUMENTATION_COMMENTS = YES;
				CLANG_WARN_EMPTY_BODY = YES;
				CLANG_WARN_ENUM_CONVERSION = YES;
				CLANG_WARN_INFINITE_RECURSION = YES;
				CLANG_WARN_INT_CONVERSION = YES;
				CLANG_WARN_NON_LITERAL_NULL_CONVERSION = YES;
				CLANG_WARN_OBJC_LITERAL_CONVERSION = YES;
				CLANG_WARN_OBJC_ROOT_CLASS = YES_ERROR;
				CLANG_WARN_RANGE_LOOP_ANALYSIS = YES;
				CLANG_WARN_STRICT_PROTOTYPES = YES;
				CLANG_WARN_SUSPICIOUS_MOVE = YES;
				CLANG_WARN_UNGUARDED_AVAILABILITY = YES_AGGRESSIVE;
				CLANG_WARN_UNREACHABLE_CODE = YES;
				CLANG_WARN__DUPLICATE_METHOD_MATCH = YES;
				CODE_SIGN_IDENTITY = "iPhone Developer";
				COPY_PHASE_STRIP = NO;
				DEBUG_INFORMATION_FORMAT = dwarf;
				ENABLE_STRICT_OBJC_MSGSEND = YES;
				ENABLE_TESTABILITY = YES;
				GCC_C_LANGUAGE_STANDARD = gnu11;
				GCC_DYNAMIC_NO_PIC = NO;
				GCC_NO_COMMON_BLOCKS = YES;
				GCC_OPTIMIZATION_LEVEL = 0;
				GCC_PREPROCESSOR_DEFINITIONS = (
					"DEBUG=1",
					"$(inherited)",
				);
				GCC_WARN_64_TO_32_BIT_CONVERSION = YES;
				GCC_WARN_ABOUT_RETURN_TYPE = YES_ERROR;
				GCC_WARN_UNDECLARED_SELECTOR = YES;
				GCC_WARN_UNINITIALIZED_AUTOS = YES_AGGRESSIVE;
				GCC_WARN_UNUSED_FUNCTION = YES;
				GCC_WARN_UNUSED_VARIABLE = YES;
				IPHONEOS_DEPLOYMENT_TARGET = 11.2;
				MTL_ENABLE_DEBUG_INFO = YES;
				ONLY_ACTIVE_ARCH = YES;
				SDKROOT = iphoneos;
				SWIFT_ACTIVE_COMPILATION_CONDITIONS = DEBUG;
				SWIFT_OPTIMIZATION_LEVEL = "-Onone";
			};
			name = Debug;
		};
		3627B5022139102700F9FC1D /* Release */ = {
			isa = XCBuildConfiguration;
			buildSettings = {
				ALWAYS_SEARCH_USER_PATHS = NO;
				CLANG_ANALYZER_NONNULL = YES;
				CLANG_ANALYZER_NUMBER_OBJECT_CONVERSION = YES_AGGRESSIVE;
				CLANG_CXX_LANGUAGE_STANDARD = "gnu++14";
				CLANG_CXX_LIBRARY = "libc++";
				CLANG_ENABLE_MODULES = YES;
				CLANG_ENABLE_OBJC_ARC = YES;
				CLANG_WARN_BLOCK_CAPTURE_AUTORELEASING = YES;
				CLANG_WARN_BOOL_CONVERSION = YES;
				CLANG_WARN_COMMA = YES;
				CLANG_WARN_CONSTANT_CONVERSION = YES;
				CLANG_WARN_DIRECT_OBJC_ISA_USAGE = YES_ERROR;
				CLANG_WARN_DOCUMENTATION_COMMENTS = YES;
				CLANG_WARN_EMPTY_BODY = YES;
				CLANG_WARN_ENUM_CONVERSION = YES;
				CLANG_WARN_INFINITE_RECURSION = YES;
				CLANG_WARN_INT_CONVERSION = YES;
				CLANG_WARN_NON_LITERAL_NULL_CONVERSION = YES;
				CLANG_WARN_OBJC_LITERAL_CONVERSION = YES;
				CLANG_WARN_OBJC_ROOT_CLASS = YES_ERROR;
				CLANG_WARN_RANGE_LOOP_ANALYSIS = YES;
				CLANG_WARN_STRICT_PROTOTYPES = YES;
				CLANG_WARN_SUSPICIOUS_MOVE = YES;
				CLANG_WARN_UNGUARDED_AVAILABILITY = YES_AGGRESSIVE;
				CLANG_WARN_UNREACHABLE_CODE = YES;
				CLANG_WARN__DUPLICATE_METHOD_MATCH = YES;
				CODE_SIGN_IDENTITY = "iPhone Developer";
				COPY_PHASE_STRIP = NO;
				DEBUG_INFORMATION_FORMAT = "dwarf-with-dsym";
				ENABLE_NS_ASSERTIONS = NO;
				ENABLE_STRICT_OBJC_MSGSEND = YES;
				GCC_C_LANGUAGE_STANDARD = gnu11;
				GCC_NO_COMMON_BLOCKS = YES;
				GCC_WARN_64_TO_32_BIT_CONVERSION = YES;
				GCC_WARN_ABOUT_RETURN_TYPE = YES_ERROR;
				GCC_WARN_UNDECLARED_SELECTOR = YES;
				GCC_WARN_UNINITIALIZED_AUTOS = YES_AGGRESSIVE;
				GCC_WARN_UNUSED_FUNCTION = YES;
				GCC_WARN_UNUSED_VARIABLE = YES;
				IPHONEOS_DEPLOYMENT_TARGET = 11.2;
				MTL_ENABLE_DEBUG_INFO = NO;
				SDKROOT = iphoneos;
				SWIFT_OPTIMIZATION_LEVEL = "-Owholemodule";
				VALIDATE_PRODUCT = YES;
			};
			name = Release;
		};
		3627B5042139102700F9FC1D /* Debug */ = {
			isa = XCBuildConfiguration;
			buildSettings = {
				ASSETCATALOG_COMPILER_APPICON_NAME = AppIcon;
				CODE_SIGN_STYLE = Automatic;
				DEVELOPMENT_TEAM = 248BYGYKPK;
				INFOPLIST_FILE = DemoDeviceRotationOnlyOneViewController/Info.plist;
				LD_RUNPATH_SEARCH_PATHS = "$(inherited) @executable_path/Frameworks";
				PRODUCT_BUNDLE_IDENTIFIER = in.daemon.lms.DemoDeviceRotationOnlyOneViewController;
				PRODUCT_NAME = "$(TARGET_NAME)";
				SWIFT_VERSION = 4.0;
				TARGETED_DEVICE_FAMILY = "1,2";
			};
			name = Debug;
		};
		3627B5052139102700F9FC1D /* Release */ = {
			isa = XCBuildConfiguration;
			buildSettings = {
				ASSETCATALOG_COMPILER_APPICON_NAME = AppIcon;
				CODE_SIGN_STYLE = Automatic;
				DEVELOPMENT_TEAM = 248BYGYKPK;
				INFOPLIST_FILE = DemoDeviceRotationOnlyOneViewController/Info.plist;
				LD_RUNPATH_SEARCH_PATHS = "$(inherited) @executable_path/Frameworks";
				PRODUCT_BUNDLE_IDENTIFIER = in.daemon.lms.DemoDeviceRotationOnlyOneViewController;
				PRODUCT_NAME = "$(TARGET_NAME)";
				SWIFT_VERSION = 4.0;
				TARGETED_DEVICE_FAMILY = "1,2";
			};
			name = Release;
		};
/* End XCBuildConfiguration section */

/* Begin XCConfigurationList section */
		3627B4EC2139102700F9FC1D /* Build configuration list for PBXProject "DemoDeviceRotationOnlyOneViewController" */ = {
			isa = XCConfigurationList;
			buildConfigurations = (
				3627B5012139102700F9FC1D /* Debug */,
				3627B5022139102700F9FC1D /* Release */,
			);
			defaultConfigurationIsVisible = 0;
			defaultConfigurationName = Release;
		};
		3627B5032139102700F9FC1D /* Build configuration list for PBXNativeTarget "DemoDeviceRotationOnlyOneViewController" */ = {
			isa = XCConfigurationList;
			buildConfigurations = (
				3627B5042139102700F9FC1D /* Debug */,
				3627B5052139102700F9FC1D /* Release */,
			);
			defaultConfigurationIsVisible = 0;
			defaultConfigurationName = Release;
		};
/* End XCConfigurationList section */
	};
	rootObject = 3627B4E92139102700F9FC1D /* Project object */;
}
